<Solution>

  <Platforms>
    <Platform Name="Any CPU" />
  </Platforms>

  <!-- ── Source Projects ─────────────────────────────────────────────────── -->
  <Folder Name="/src/" Description="Application source code">
    <Project Path="src/DotnetClaw.Jobby/DotnetClaw.Jobby.csproj" />
    <Project Path="src/DotnetClaw.Web/DotnetClaw.Web.csproj" />
    <Project Path="src/DotnetClaw.Workflowy/DotnetClaw.Workflowy.csproj" />
    <Project Path="src/DotnetClaw/DotnetClaw.csproj" />
    <Project Path="src/DotnetClawHub/DotnetClawHub.csproj" />
  </Folder>

  <!-- ── Test Projects ───────────────────────────────────────────────────── -->
  <Folder Name="/tests/" Description="Automated test projects">
    <Project Path="tests/DotnetClaw.E2E.Tests/DotnetClaw.E2E.Tests.csproj" />
    <Project Path="tests/DotnetClaw.Gateway.Tests/DotnetClaw.Gateway.Tests.csproj" />
    <Project Path="tests/DotnetClaw.Jobby.Tests/DotnetClaw.Jobby.Tests.csproj" />
    <Project Path="tests/DotnetClaw.Tests/DotnetClaw.Tests.csproj" />
    <Project Path="tests/DotnetClaw.Workflowy.Tests/DotnetClaw.Workflowy.Tests.csproj" />
  </Folder>
  <Folder Name="/plans/">
    <File Path="plans/workflowy-plan.md" />
  </Folder>

  <!-- ── Solution Items (config files visible in VS Solution Explorer) ───── -->
  <Folder Name="/Solution Items/" Description="Repo-level configuration files">
    <File Path=".editorconfig" />
    <File Path="Directory.Build.props" />
    <File Path="Directory.Build.targets" />
    <File Path="Directory.Packages.props" />
    <File Path="global.json" />
    <File Path="README.md" />
    <File Path="src/DotnetClaw/appsettings.json" />
  </Folder>

  <!-- ── Workspace Documents ─────────────────────────────────────────────── -->
  <Folder Name="/workspace/" Description="Identity documents loaded at runtime">
    <File Path="workspace/SOUL.md" />
    <File Path="workspace/AGENTS.md" />
    <File Path="workspace/USER.md" />
    <File Path="workspace/CONTEXT.md" />
    <File Path="workspace/MEMORY.md" />
  </Folder>

</Solution>
